// !$*UTF8*$!
{
	archiveVersion = 1;
	classes = {
	};
	objectVersion = 50;
	objects = {

/* Begin PBXBuildFile section */
		A2A8C433C9E36F7F9E43FCB7 /* Pods_JrDeveloperSkills.framework in Frameworks */ = {isa = PBXBuildFile; fileRef = 5175BFAD3F728FD9018E8573 /* Pods_JrDeveloperSkills.framework */; };
		F11218F220860E8C00A2F18E /* ListViewController.swift in Sources */ = {isa = PBXBuildFile; fileRef = F11218F120860E8C00A2F18E /* ListViewController.swift */; };
		F11218F42086154C00A2F18E /* QRCodeViewController.swift in Sources */ = {isa = PBXBuildFile; fileRef = F11218F32086154C00A2F18E /* QRCodeViewController.swift */; };
		F11218F72086255100A2F18E /* WebViewController.swift in Sources */ = {isa = PBXBuildFile; fileRef = F11218F62086255100A2F18E /* WebViewController.swift */; };
		F146ECA72085D133002A7EAC /* AppDelegate.swift in Sources */ = {isa = PBXBuildFile; fileRef = F146ECA62085D133002A7EAC /* AppDelegate.swift */; };
		F146ECAC2085D133002A7EAC /* Main.storyboard in Resources */ = {isa = PBXBuildFile; fileRef = F146ECAA2085D133002A7EAC /* Main.storyboard */; };
		F146ECAF2085D133002A7EAC /* JrDeveloperSkills.xcdatamodeld in Sources */ = {isa = PBXBuildFile; fileRef = F146ECAD2085D133002A7EAC /* JrDeveloperSkills.xcdatamodeld */; };
		F146ECB12085D133002A7EAC /* Assets.xcassets in Resources */ = {isa = PBXBuildFile; fileRef = F146ECB02085D133002A7EAC /* Assets.xcassets */; };
		F146ECB42085D133002A7EAC /* LaunchScreen.storyboard in Resources */ = {isa = PBXBuildFile; fileRef = F146ECB22085D133002A7EAC /* LaunchScreen.storyboard */; };
		F15AFB8720ABD5BC0057342F /* GDriveViewController.swift in Sources */ = {isa = PBXBuildFile; fileRef = F15AFB8620ABD5BC0057342F /* GDriveViewController.swift */; };
		F15AFB8920ABD5D30057342F /* GDrive.storyboard in Resources */ = {isa = PBXBuildFile; fileRef = F15AFB8820ABD5D30057342F /* GDrive.storyboard */; };
		F165893920B6AC3C00420C6B /* GoogleService-Info.plist in Resources */ = {isa = PBXBuildFile; fileRef = F165893820B6AC3C00420C6B /* GoogleService-Info.plist */; };
		F1ADAAC420B550A5000E18FA /* LocalViewController.swift in Sources */ = {isa = PBXBuildFile; fileRef = F1ADAAC320B550A5000E18FA /* LocalViewController.swift */; };
		F1ADAAC620B550B1000E18FA /* RemoteViewController.swift in Sources */ = {isa = PBXBuildFile; fileRef = F1ADAAC520B550B1000E18FA /* RemoteViewController.swift */; };
		F1ADAAC820B5517A000E18FA /* Notification.storyboard in Resources */ = {isa = PBXBuildFile; fileRef = F1ADAAC720B5517A000E18FA /* Notification.storyboard */; };
/* End PBXBuildFile section */

/* Begin PBXFileReference section */
		5175BFAD3F728FD9018E8573 /* Pods_JrDeveloperSkills.framework */ = {isa = PBXFileReference; explicitFileType = wrapper.framework; includeInIndex = 0; path = Pods_JrDeveloperSkills.framework; sourceTree = BUILT_PRODUCTS_DIR; };
		69661763FB8E528F848F33B7 /* Pods-JrDeveloperSkills.release.xcconfig */ = {isa = PBXFileReference; includeInIndex = 1; lastKnownFileType = text.xcconfig; name = "Pods-JrDeveloperSkills.release.xcconfig"; path = "Pods/Target Support Files/Pods-JrDeveloperSkills/Pods-JrDeveloperSkills.release.xcconfig"; sourceTree = "<group>"; };
		9A5450969ED9BA5B7041C9F6 /* Pods-JrDeveloperSkills.debug.xcconfig */ = {isa = PBXFileReference; includeInIndex = 1; lastKnownFileType = text.xcconfig; name = "Pods-JrDeveloperSkills.debug.xcconfig"; path = "Pods/Target Support Files/Pods-JrDeveloperSkills/Pods-JrDeveloperSkills.debug.xcconfig"; sourceTree = "<group>"; };
		F11218F120860E8C00A2F18E /* ListViewController.swift */ = {isa = PBXFileReference; fileEncoding = 4; lastKnownFileType = sourcecode.swift; path = ListViewController.swift; sourceTree = "<group>"; };
		F11218F32086154C00A2F18E /* QRCodeViewController.swift */ = {isa = PBXFileReference; lastKnownFileType = sourcecode.swift; path = QRCodeViewController.swift; sourceTree = "<group>"; };
		F11218F62086255100A2F18E /* WebViewController.swift */ = {isa = PBXFileReference; lastKnownFileType = sourcecode.swift; path = WebViewController.swift; sourceTree = "<group>"; };
		F146ECA32085D133002A7EAC /* JrDeveloperSkills.app */ = {isa = PBXFileReference; explicitFileType = wrapper.application; includeInIndex = 0; path = JrDeveloperSkills.app; sourceTree = BUILT_PRODUCTS_DIR; };
		F146ECA62085D133002A7EAC /* AppDelegate.swift */ = {isa = PBXFileReference; lastKnownFileType = sourcecode.swift; path = AppDelegate.swift; sourceTree = "<group>"; };
		F146ECAB2085D133002A7EAC /* Base */ = {isa = PBXFileReference; lastKnownFileType = file.storyboard; name = Base; path = Base.lproj/Main.storyboard; sourceTree = "<group>"; };
		F146ECAE2085D133002A7EAC /* JrDeveloperSkills.xcdatamodel */ = {isa = PBXFileReference; lastKnownFileType = wrapper.xcdatamodel; path = JrDeveloperSkills.xcdatamodel; sourceTree = "<group>"; };
		F146ECB02085D133002A7EAC /* Assets.xcassets */ = {isa = PBXFileReference; lastKnownFileType = folder.assetcatalog; path = Assets.xcassets; sourceTree = "<group>"; };
		F146ECB32085D133002A7EAC /* Base */ = {isa = PBXFileReference; lastKnownFileType = file.storyboard; name = Base; path = Base.lproj/LaunchScreen.storyboard; sourceTree = "<group>"; };
		F146ECB52085D133002A7EAC /* Info.plist */ = {isa = PBXFileReference; lastKnownFileType = text.plist.xml; path = Info.plist; sourceTree = "<group>"; };
		F15AFB8620ABD5BC0057342F /* GDriveViewController.swift */ = {isa = PBXFileReference; lastKnownFileType = sourcecode.swift; path = GDriveViewController.swift; sourceTree = "<group>"; };
		F15AFB8820ABD5D30057342F /* GDrive.storyboard */ = {isa = PBXFileReference; lastKnownFileType = file.storyboard; path = GDrive.storyboard; sourceTree = "<group>"; };
		F165893720B6612B00420C6B /* JrDeveloperSkills.entitlements */ = {isa = PBXFileReference; lastKnownFileType = text.plist.entitlements; path = JrDeveloperSkills.entitlements; sourceTree = "<group>"; };
		F165893820B6AC3C00420C6B /* GoogleService-Info.plist */ = {isa = PBXFileReference; fileEncoding = 4; lastKnownFileType = text.plist.xml; path = "GoogleService-Info.plist"; sourceTree = "<group>"; };
		F1ADAAC320B550A5000E18FA /* LocalViewController.swift */ = {isa = PBXFileReference; lastKnownFileType = sourcecode.swift; path = LocalViewController.swift; sourceTree = "<group>"; };
		F1ADAAC520B550B1000E18FA /* RemoteViewController.swift */ = {isa = PBXFileReference; lastKnownFileType = sourcecode.swift; path = RemoteViewController.swift; sourceTree = "<group>"; };
		F1ADAAC720B5517A000E18FA /* Notification.storyboard */ = {isa = PBXFileReference; lastKnownFileType = file.storyboard; path = Notification.storyboard; sourceTree = "<group>"; };
/* End PBXFileReference section */

/* Begin PBXFrameworksBuildPhase section */
		F146ECA02085D133002A7EAC /* Frameworks */ = {
			isa = PBXFrameworksBuildPhase;
			buildActionMask = 2147483647;
			files = (
				A2A8C433C9E36F7F9E43FCB7 /* Pods_JrDeveloperSkills.framework in Frameworks */,
			);
			runOnlyForDeploymentPostprocessing = 0;
		};
/* End PBXFrameworksBuildPhase section */

/* Begin PBXGroup section */
		C0D463BBB44247B55689E176 /* Pods */ = {
			isa = PBXGroup;
			children = (
				9A5450969ED9BA5B7041C9F6 /* Pods-JrDeveloperSkills.debug.xcconfig */,
				69661763FB8E528F848F33B7 /* Pods-JrDeveloperSkills.release.xcconfig */,
			);
			name = Pods;
			sourceTree = "<group>";
		};
		EE7BB26AC0C1D16D6869B9DB /* Frameworks */ = {
			isa = PBXGroup;
			children = (
				5175BFAD3F728FD9018E8573 /* Pods_JrDeveloperSkills.framework */,
			);
			name = Frameworks;
			sourceTree = "<group>";
		};
		F11218F52086252700A2F18E /* QRCode Scanner */ = {
			isa = PBXGroup;
			children = (
				F11218F32086154C00A2F18E /* QRCodeViewController.swift */,
				F11218F62086255100A2F18E /* WebViewController.swift */,
			);
			path = "QRCode Scanner";
			sourceTree = "<group>";
		};
		F11218F820873ED700A2F18E /* Notification */ = {
			isa = PBXGroup;
			children = (
				F1ADAAC320B550A5000E18FA /* LocalViewController.swift */,
				F1ADAAC520B550B1000E18FA /* RemoteViewController.swift */,
			);
			path = Notification;
			sourceTree = "<group>";
		};
		F11218FD2087437900A2F18E /* StoryBoard */ = {
			isa = PBXGroup;
			children = (
				F146ECAA2085D133002A7EAC /* Main.storyboard */,
				F1ADAAC720B5517A000E18FA /* Notification.storyboard */,
				F15AFB8820ABD5D30057342F /* GDrive.storyboard */,
			);
			path = StoryBoard;
			sourceTree = "<group>";
		};
		F146EC9A2085D133002A7EAC = {
			isa = PBXGroup;
			children = (
				F146ECA52085D133002A7EAC /* JrDeveloperSkills */,
				F146ECA42085D133002A7EAC /* Products */,
				C0D463BBB44247B55689E176 /* Pods */,
				EE7BB26AC0C1D16D6869B9DB /* Frameworks */,
			);
			sourceTree = "<group>";
		};
		F146ECA42085D133002A7EAC /* Products */ = {
			isa = PBXGroup;
			children = (
				F146ECA32085D133002A7EAC /* JrDeveloperSkills.app */,
			);
			name = Products;
			sourceTree = "<group>";
		};
		F146ECA52085D133002A7EAC /* JrDeveloperSkills */ = {
			isa = PBXGroup;
			children = (
				F165893720B6612B00420C6B /* JrDeveloperSkills.entitlements */,
				F146ECA62085D133002A7EAC /* AppDelegate.swift */,
				F11218F120860E8C00A2F18E /* ListViewController.swift */,
				F11218F52086252700A2F18E /* QRCode Scanner */,
				F11218F820873ED700A2F18E /* Notification */,
				F15AFB8520ABD57B0057342F /* Google Drive and Sheets */,
				F11218FD2087437900A2F18E /* StoryBoard */,
				F146ECB02085D133002A7EAC /* Assets.xcassets */,
				F146ECB22085D133002A7EAC /* LaunchScreen.storyboard */,
				F146ECB52085D133002A7EAC /* Info.plist */,
				F165893820B6AC3C00420C6B /* GoogleService-Info.plist */,
				F146ECAD2085D133002A7EAC /* JrDeveloperSkills.xcdatamodeld */,
			);
			path = JrDeveloperSkills;
			sourceTree = "<group>";
		};
		F15AFB8520ABD57B0057342F /* Google Drive and Sheets */ = {
			isa = PBXGroup;
			children = (
				F15AFB8620ABD5BC0057342F /* GDriveViewController.swift */,
			);
			path = "Google Drive and Sheets";
			sourceTree = "<group>";
		};
/* End PBXGroup section */

/* Begin PBXNativeTarget section */
		F146ECA22085D133002A7EAC /* JrDeveloperSkills */ = {
			isa = PBXNativeTarget;
			buildConfigurationList = F146ECB82085D133002A7EAC /* Build configuration list for PBXNativeTarget "JrDeveloperSkills" */;
			buildPhases = (
				B3B852596201D97332B07FDB /* [CP] Check Pods Manifest.lock */,
				F146EC9F2085D133002A7EAC /* Sources */,
				F146ECA02085D133002A7EAC /* Frameworks */,
				F146ECA12085D133002A7EAC /* Resources */,
				CC0846EECEE42F3BCCEED831 /* [CP] Embed Pods Frameworks */,
				5FE0ED2B7A37D8DEB75E6222 /* [CP] Copy Pods Resources */,
			);
			buildRules = (
			);
			dependencies = (
			);
			name = JrDeveloperSkills;
			productName = JrDeveloperSkills;
			productReference = F146ECA32085D133002A7EAC /* JrDeveloperSkills.app */;
			productType = "com.apple.product-type.application";
		};
/* End PBXNativeTarget section */

/* Begin PBXProject section */
		F146EC9B2085D133002A7EAC /* Project object */ = {
			isa = PBXProject;
			attributes = {
				LastSwiftUpdateCheck = 0930;
				LastUpgradeCheck = 0930;
				ORGANIZATIONNAME = Jimmy;
				TargetAttributes = {
					F146ECA22085D133002A7EAC = {
						CreatedOnToolsVersion = 9.3;
						SystemCapabilities = {
							com.apple.BackgroundModes = {
								enabled = 1;
							};
							com.apple.Push = {
								enabled = 1;
							};
						};
					};
				};
			};
			buildConfigurationList = F146EC9E2085D133002A7EAC /* Build configuration list for PBXProject "JrDeveloperSkills" */;
			compatibilityVersion = "Xcode 9.3";
			developmentRegion = en;
			hasScannedForEncodings = 0;
			knownRegions = (
				en,
				Base,
			);
			mainGroup = F146EC9A2085D133002A7EAC;
			productRefGroup = F146ECA42085D133002A7EAC /* Products */;
			projectDirPath = "";
			projectRoot = "";
			targets = (
				F146ECA22085D133002A7EAC /* JrDeveloperSkills */,
			);
		};
/* End PBXProject section */

/* Begin PBXResourcesBuildPhase section */
		F146ECA12085D133002A7EAC /* Resources */ = {
			isa = PBXResourcesBuildPhase;
			buildActionMask = 2147483647;
			files = (
				F146ECB42085D133002A7EAC /* LaunchScreen.storyboard in Resources */,
				F146ECB12085D133002A7EAC /* Assets.xcassets in Resources */,
				F146ECAC2085D133002A7EAC /* Main.storyboard in Resources */,
				F15AFB8920ABD5D30057342F /* GDrive.storyboard in Resources */,
				F1ADAAC820B5517A000E18FA /* Notification.storyboard in Resources */,
				F165893920B6AC3C00420C6B /* GoogleService-Info.plist in Resources */,
			);
			runOnlyForDeploymentPostprocessing = 0;
		};
/* End PBXResourcesBuildPhase section */

/* Begin PBXShellScriptBuildPhase section */
		5FE0ED2B7A37D8DEB75E6222 /* [CP] Copy Pods Resources */ = {
			isa = PBXShellScriptBuildPhase;
			buildActionMask = 2147483647;
			files = (
			);
			inputPaths = (
				"${SRCROOT}/Pods/Target Support Files/Pods-JrDeveloperSkills/Pods-JrDeveloperSkills-resources.sh",
				"${PODS_ROOT}/GoogleSignIn/Resources/GoogleSignIn.bundle",
			);
			name = "[CP] Copy Pods Resources";
			outputPaths = (
				"${TARGET_BUILD_DIR}/${UNLOCALIZED_RESOURCES_FOLDER_PATH}/GoogleSignIn.bundle",
			);
			runOnlyForDeploymentPostprocessing = 0;
			shellPath = /bin/sh;
			shellScript = "\"${SRCROOT}/Pods/Target Support Files/Pods-JrDeveloperSkills/Pods-JrDeveloperSkills-resources.sh\"\n";
			showEnvVarsInLog = 0;
		};
		B3B852596201D97332B07FDB /* [CP] Check Pods Manifest.lock */ = {
			isa = PBXShellScriptBuildPhase;
			buildActionMask = 2147483647;
			files = (
			);
			inputPaths = (
				"${PODS_PODFILE_DIR_PATH}/Podfile.lock",
				"${PODS_ROOT}/Manifest.lock",
			);
			name = "[CP] Check Pods Manifest.lock";
			outputPaths = (
				"$(DERIVED_FILE_DIR)/Pods-JrDeveloperSkills-checkManifestLockResult.txt",
			);
			runOnlyForDeploymentPostprocessing = 0;
			shellPath = /bin/sh;
			shellScript = "diff \"${PODS_PODFILE_DIR_PATH}/Podfile.lock\" \"${PODS_ROOT}/Manifest.lock\" > /dev/null\nif [ $? != 0 ] ; then\n    # print error to STDERR\n    echo \"error: The sandbox is not in sync with the Podfile.lock. Run 'pod install' or update your CocoaPods installation.\" >&2\n    exit 1\nfi\n# This output is used by Xcode 'outputs' to avoid re-running this script phase.\necho \"SUCCESS\" > \"${SCRIPT_OUTPUT_FILE_0}\"\n";
			showEnvVarsInLog = 0;
		};
		CC0846EECEE42F3BCCEED831 /* [CP] Embed Pods Frameworks */ = {
			isa = PBXShellScriptBuildPhase;
			buildActionMask = 2147483647;
			files = (
			);
			inputPaths = (
				"${SRCROOT}/Pods/Target Support Files/Pods-JrDeveloperSkills/Pods-JrDeveloperSkills-frameworks.sh",
				"${BUILT_PRODUCTS_DIR}/GTMOAuth2/GTMOAuth2.framework",
				"${BUILT_PRODUCTS_DIR}/GTMSessionFetcher/GTMSessionFetcher.framework",
				"${BUILT_PRODUCTS_DIR}/GoogleAPIClientForREST/GoogleAPIClientForREST.framework",
				"${BUILT_PRODUCTS_DIR}/GoogleToolboxForMac/GoogleToolboxForMac.framework",
				"${BUILT_PRODUCTS_DIR}/Protobuf/Protobuf.framework",
				"${BUILT_PRODUCTS_DIR}/SDWebImage/SDWebImage.framework",
				"${BUILT_PRODUCTS_DIR}/nanopb/nanopb.framework",
			);
			name = "[CP] Embed Pods Frameworks";
			outputPaths = (
				"${TARGET_BUILD_DIR}/${FRAMEWORKS_FOLDER_PATH}/GTMOAuth2.framework",
				"${TARGET_BUILD_DIR}/${FRAMEWORKS_FOLDER_PATH}/GTMSessionFetcher.framework",
				"${TARGET_BUILD_DIR}/${FRAMEWORKS_FOLDER_PATH}/GoogleAPIClientForREST.framework",
				"${TARGET_BUILD_DIR}/${FRAMEWORKS_FOLDER_PATH}/GoogleToolboxForMac.framework",
				"${TARGET_BUILD_DIR}/${FRAMEWORKS_FOLDER_PATH}/Protobuf.framework",
				"${TARGET_BUILD_DIR}/${FRAMEWORKS_FOLDER_PATH}/SDWebImage.framework",
				"${TARGET_BUILD_DIR}/${FRAMEWORKS_FOLDER_PATH}/nanopb.framework",
			);
			runOnlyForDeploymentPostprocessing = 0;
			shellPath = /bin/sh;
			shellScript = "\"${SRCROOT}/Pods/Target Support Files/Pods-JrDeveloperSkills/Pods-JrDeveloperSkills-frameworks.sh\"\n";
			showEnvVarsInLog = 0;
		};
/* End PBXShellScriptBuildPhase section */

/* Begin PBXSourcesBuildPhase section */
		F146EC9F2085D133002A7EAC /* Sources */ = {
			isa = PBXSourcesBuildPhase;
			buildActionMask = 2147483647;
			files = (
				F1ADAAC620B550B1000E18FA /* RemoteViewController.swift in Sources */,
				F146ECAF2085D133002A7EAC /* JrDeveloperSkills.xcdatamodeld in Sources */,
				F15AFB8720ABD5BC0057342F /* GDriveViewController.swift in Sources */,
				F146ECA72085D133002A7EAC /* AppDelegate.swift in Sources */,
				F11218F42086154C00A2F18E /* QRCodeViewController.swift in Sources */,
				F1ADAAC420B550A5000E18FA /* LocalViewController.swift in Sources */,
				F11218F72086255100A2F18E /* WebViewController.swift in Sources */,
				F11218F220860E8C00A2F18E /* ListViewController.swift in Sources */,
			);
			runOnlyForDeploymentPostprocessing = 0;
		};
/* End PBXSourcesBuildPhase section */

/* Begin PBXVariantGroup section */
		F146ECAA2085D133002A7EAC /* Main.storyboard */ = {
			isa = PBXVariantGroup;
			children = (
				F146ECAB2085D133002A7EAC /* Base */,
			);
			name = Main.storyboard;
			sourceTree = "<group>";
		};
		F146ECB22085D133002A7EAC /* LaunchScreen.storyboard */ = {
			isa = PBXVariantGroup;
			children = (
				F146ECB32085D133002A7EAC /* Base */,
			);
			name = LaunchScreen.storyboard;
			sourceTree = "<group>";
		};
/* End PBXVariantGroup section */

/* Begin XCBuildConfiguration section */
		F146ECB62085D133002A7EAC /* Debug */ = {
			isa = XCBuildConfiguration;
			buildSettings = {
				ALWAYS_SEARCH_USER_PATHS = NO;
				CLANG_ANALYZER_NONNULL = YES;
				CLANG_ANALYZER_NUMBER_OBJECT_CONVERSION = YES_AGGRESSIVE;
				CLANG_CXX_LANGUAGE_STANDARD = "gnu++14";
				CLANG_CXX_LIBRARY = "libc++";
				CLANG_ENABLE_MODULES = YES;
				CLANG_ENABLE_OBJC_ARC = YES;
				CLANG_ENABLE_OBJC_WEAK = YES;
				CLANG_WARN_BLOCK_CAPTURE_AUTORELEASING = YES;
				CLANG_WARN_BOOL_CONVERSION = YES;
				CLANG_WARN_COMMA = YES;
				CLANG_WARN_CONSTANT_CONVERSION = YES;
				CLANG_WARN_DEPRECATED_OBJC_IMPLEMENTATIONS = YES;
				CLANG_WARN_DIRECT_OBJC_ISA_USAGE = YES_ERROR;
				CLANG_WARN_DOCUMENTATION_COMMENTS = YES;
				CLANG_WARN_EMPTY_BODY = YES;
				CLANG_WARN_ENUM_CONVERSION = YES;
				CLANG_WARN_INFINITE_RECURSION = YES;
				CLANG_WARN_INT_CONVERSION = YES;
				CLANG_WARN_NON_LITERAL_NULL_CONVERSION = YES;
				CLANG_WARN_OBJC_IMPLICIT_RETAIN_SELF = YES;
				CLANG_WARN_OBJC_LITERAL_CONVERSION = YES;
				CLANG_WARN_OBJC_ROOT_CLASS = YES_ERROR;
				CLANG_WARN_RANGE_LOOP_ANALYSIS = YES;
				CLANG_WARN_STRICT_PROTOTYPES = YES;
				CLANG_WARN_SUSPICIOUS_MOVE = YES;
				CLANG_WARN_UNGUARDED_AVAILABILITY = YES_AGGRESSIVE;
				CLANG_WARN_UNREACHABLE_CODE = YES;
				CLANG_WARN__DUPLICATE_METHOD_MATCH = YES;
				CODE_SIGN_IDENTITY = "iPhone Developer";
				COPY_PHASE_STRIP = NO;
				DEBUG_INFORMATION_FORMAT = dwarf;
				ENABLE_STRICT_OBJC_MSGSEND = YES;
				ENABLE_TESTABILITY = YES;
				GCC_C_LANGUAGE_STANDARD = gnu11;
				GCC_DYNAMIC_NO_PIC = NO;
				GCC_NO_COMMON_BLOCKS = YES;
				GCC_OPTIMIZATION_LEVEL = 0;
				GCC_PREPROCESSOR_DEFINITIONS = (
					"DEBUG=1",
					"$(inherited)",
				);
				GCC_WARN_64_TO_32_BIT_CONVERSION = YES;
				GCC_WARN_ABOUT_RETURN_TYPE = YES_ERROR;
				GCC_WARN_UNDECLARED_SELECTOR = YES;
				GCC_WARN_UNINITIALIZED_AUTOS = YES_AGGRESSIVE;
				GCC_WARN_UNUSED_FUNCTION = YES;
				GCC_WARN_UNUSED_VARIABLE = YES;
				IPHONEOS_DEPLOYMENT_TARGET = 11.3;
				MTL_ENABLE_DEBUG_INFO = YES;
				ONLY_ACTIVE_ARCH = YES;
				SDKROOT = iphoneos;
				SWIFT_ACTIVE_COMPILATION_CONDITIONS = DEBUG;
				SWIFT_OPTIMIZATION_LEVEL = "-Onone";
			};
			name = Debug;
		};
		F146ECB72085D133002A7EAC /* Release */ = {
			isa = XCBuildConfiguration;
			buildSettings = {
				ALWAYS_SEARCH_USER_PATHS = NO;
				CLANG_ANALYZER_NONNULL = YES;
				CLANG_ANALYZER_NUMBER_OBJECT_CONVERSION = YES_AGGRESSIVE;
				CLANG_CXX_LANGUAGE_STANDARD = "gnu++14";
				CLANG_CXX_LIBRARY = "libc++";
				CLANG_ENABLE_MODULES = YES;
				CLANG_ENABLE_OBJC_ARC = YES;
				CLANG_ENABLE_OBJC_WEAK = YES;
				CLANG_WARN_BLOCK_CAPTURE_AUTORELEASING = YES;
				CLANG_WARN_BOOL_CONVERSION = YES;
				CLANG_WARN_COMMA = YES;
				CLANG_WARN_CONSTANT_CONVERSION = YES;
				CLANG_WARN_DEPRECATED_OBJC_IMPLEMENTATIONS = YES;
				CLANG_WARN_DIRECT_OBJC_ISA_USAGE = YES_ERROR;
				CLANG_WARN_DOCUMENTATION_COMMENTS = YES;
				CLANG_WARN_EMPTY_BODY = YES;
				CLANG_WARN_ENUM_CONVERSION = YES;
				CLANG_WARN_INFINITE_RECURSION = YES;
				CLANG_WARN_INT_CONVERSION = YES;
				CLANG_WARN_NON_LITERAL_NULL_CONVERSION = YES;
				CLANG_WARN_OBJC_IMPLICIT_RETAIN_SELF = YES;
				CLANG_WARN_OBJC_LITERAL_CONVERSION = YES;
				CLANG_WARN_OBJC_ROOT_CLASS = YES_ERROR;
				CLANG_WARN_RANGE_LOOP_ANALYSIS = YES;
				CLANG_WARN_STRICT_PROTOTYPES = YES;
				CLANG_WARN_SUSPICIOUS_MOVE = YES;
				CLANG_WARN_UNGUARDED_AVAILABILITY = YES_AGGRESSIVE;
				CLANG_WARN_UNREACHABLE_CODE = YES;
				CLANG_WARN__DUPLICATE_METHOD_MATCH = YES;
				CODE_SIGN_IDENTITY = "iPhone Developer";
				COPY_PHASE_STRIP = NO;
				DEBUG_INFORMATION_FORMAT = "dwarf-with-dsym";
				ENABLE_NS_ASSERTIONS = NO;
				ENABLE_STRICT_OBJC_MSGSEND = YES;
				GCC_C_LANGUAGE_STANDARD = gnu11;
				GCC_NO_COMMON_BLOCKS = YES;
				GCC_WARN_64_TO_32_BIT_CONVERSION = YES;
				GCC_WARN_ABOUT_RETURN_TYPE = YES_ERROR;
				GCC_WARN_UNDECLARED_SELECTOR = YES;
				GCC_WARN_UNINITIALIZED_AUTOS = YES_AGGRESSIVE;
				GCC_WARN_UNUSED_FUNCTION = YES;
				GCC_WARN_UNUSED_VARIABLE = YES;
				IPHONEOS_DEPLOYMENT_TARGET = 11.3;
				MTL_ENABLE_DEBUG_INFO = NO;
				SDKROOT = iphoneos;
				SWIFT_COMPILATION_MODE = wholemodule;
				SWIFT_OPTIMIZATION_LEVEL = "-O";
				VALIDATE_PRODUCT = YES;
			};
			name = Release;
		};
		F146ECB92085D133002A7EAC /* Debug */ = {
			isa = XCBuildConfiguration;
			baseConfigurationReference = 9A5450969ED9BA5B7041C9F6 /* Pods-JrDeveloperSkills.debug.xcconfig */;
			buildSettings = {
				ASSETCATALOG_COMPILER_APPICON_NAME = AppIcon;
				CODE_SIGN_ENTITLEMENTS = JrDeveloperSkills/JrDeveloperSkills.entitlements;
				CODE_SIGN_STYLE = Automatic;
				DEVELOPMENT_TEAM = Z42VQT8C93;
				INFOPLIST_FILE = JrDeveloperSkills/Info.plist;
				IPHONEOS_DEPLOYMENT_TARGET = 10.0;
				LD_RUNPATH_SEARCH_PATHS = (
					"$(inherited)",
					"@executable_path/Frameworks",
				);
				PRODUCT_BUNDLE_IDENTIFIER = Jimmy.Zhong.JrDeveloperSkills;
				PRODUCT_NAME = "$(TARGET_NAME)";
				SWIFT_VERSION = 4.0;
				TARGETED_DEVICE_FAMILY = 1;
			};
			name = Debug;
		};
		F146ECBA2085D133002A7EAC /* Release */ = {
			isa = XCBuildConfiguration;
			baseConfigurationReference = 69661763FB8E528F848F33B7 /* Pods-JrDeveloperSkills.release.xcconfig */;
			buildSettings = {
				ASSETCATALOG_COMPILER_APPICON_NAME = AppIcon;
				CODE_SIGN_ENTITLEMENTS = JrDeveloperSkills/JrDeveloperSkills.entitlements;
				CODE_SIGN_STYLE = Automatic;
				DEVELOPMENT_TEAM = Z42VQT8C93;
				INFOPLIST_FILE = JrDeveloperSkills/Info.plist;
				IPHONEOS_DEPLOYMENT_TARGET = 10.0;
				LD_RUNPATH_SEARCH_PATHS = (
					"$(inherited)",
					"@executable_path/Frameworks",
				);
				PRODUCT_BUNDLE_IDENTIFIER = Jimmy.Zhong.JrDeveloperSkills;
				PRODUCT_NAME = "$(TARGET_NAME)";
				SWIFT_VERSION = 4.0;
				TARGETED_DEVICE_FAMILY = 1;
			};
			name = Release;
		};
/* End XCBuildConfiguration section */

/* Begin XCConfigurationList section */
		F146EC9E2085D133002A7EAC /* Build configuration list for PBXProject "JrDeveloperSkills" */ = {
			isa = XCConfigurationList;
			buildConfigurations = (
				F146ECB62085D133002A7EAC /* Debug */,
				F146ECB72085D133002A7EAC /* Release */,
			);
			defaultConfigurationIsVisible = 0;
			defaultConfigurationName = Release;
		};
		F146ECB82085D133002A7EAC /* Build configuration list for PBXNativeTarget "JrDeveloperSkills" */ = {
			isa = XCConfigurationList;
			buildConfigurations = (
				F146ECB92085D133002A7EAC /* Debug */,
				F146ECBA2085D133002A7EAC /* Release */,
			);
			defaultConfigurationIsVisible = 0;
			defaultConfigurationName = Release;
		};
/* End XCConfigurationList section */

/* Begin XCVersionGroup section */
		F146ECAD2085D133002A7EAC /* JrDeveloperSkills.xcdatamodeld */ = {
			isa = XCVersionGroup;
			children = (
				F146ECAE2085D133002A7EAC /* JrDeveloperSkills.xcdatamodel */,
			);
			currentVersion = F146ECAE2085D133002A7EAC /* JrDeveloperSkills.xcdatamodel */;
			path = JrDeveloperSkills.xcdatamodeld;
			sourceTree = "<group>";
			versionGroupType = wrapper.xcdatamodel;
		};
/* End XCVersionGroup section */
	};
	rootObject = F146EC9B2085D133002A7EAC /* Project object */;
}
